
Microsoft Visual Studio Solution File, Format Version 12.00
# Visual Studio Version 17
VisualStudioVersion = 17.10.34916.146
MinimumVisualStudioVersion = 10.0.40219.1
Project("{FAE04EC0-301F-11D3-BF4B-00C04F79EFBC}") = "FilesMigration", "FilesMigration.csproj", "{5A38C5DF-812C-416A-8D66-197C133F2BC0}"
EndProject
Project("{FAE04EC0-301F-11D3-BF4B-00C04F79EFBC}") = "S3Output", "..\S3Output\S3Output.csproj", "{ED6222B6-BB36-455B-A149-782A44FE10E0}"
EndProject
Project("{FAE04EC0-301F-11D3-BF4B-00C04F79EFBC}") = "MongoInput", "..\MongoInput\MongoInput.csproj", "{D1FB993A-0B2A-45BE-9E0F-675548F210FE}"
EndProject
Global
	GlobalSection(SolutionConfigurationPlatforms) = preSolution
		Debug|Any CPU = Debug|Any CPU
		Release|Any CPU = Release|Any CPU
	EndGlobalSection
	GlobalSection(ProjectConfigurationPlatforms) = postSolution
		{5A38C5DF-812C-416A-8D66-197C133F2BC0}.Debug|Any CPU.ActiveCfg = Debug|Any CPU
		{5A38C5DF-812C-416A-8D66-197C133F2BC0}.Debug|Any CPU.Build.0 = Debug|Any CPU
		{5A38C5DF-812C-416A-8D66-197C133F2BC0}.Release|Any CPU.ActiveCfg = Release|Any CPU
		{5A38C5DF-812C-416A-8D66-197C133F2BC0}.Release|Any CPU.Build.0 = Release|Any CPU
		{ED6222B6-BB36-455B-A149-782A44FE10E0}.Debug|Any CPU.ActiveCfg = Debug|Any CPU
		{ED6222B6-BB36-455B-A149-782A44FE10E0}.Debug|Any CPU.Build.0 = Debug|Any CPU
		{ED6222B6-BB36-455B-A149-782A44FE10E0}.Release|Any CPU.ActiveCfg = Release|Any CPU
		{ED6222B6-BB36-455B-A149-782A44FE10E0}.Release|Any CPU.Build.0 = Release|Any CPU
		{D1FB993A-0B2A-45BE-9E0F-675548F210FE}.Debug|Any CPU.ActiveCfg = Debug|Any CPU
		{D1FB993A-0B2A-45BE-9E0F-675548F210FE}.Debug|Any CPU.Build.0 = Debug|Any CPU
		{D1FB993A-0B2A-45BE-9E0F-675548F210FE}.Release|Any CPU.ActiveCfg = Release|Any CPU
		{D1FB993A-0B2A-45BE-9E0F-675548F210FE}.Release|Any CPU.Build.0 = Release|Any CPU
	EndGlobalSection
	GlobalSection(SolutionProperties) = preSolution
		HideSolutionNode = FALSE
	EndGlobalSection
	GlobalSection(ExtensibilityGlobals) = postSolution
		SolutionGuid = {36C84876-9F3B-4291-998F-1E3380407921}
	EndGlobalSection
EndGlobal
